
Microsoft Visual Studio Solution File, Format Version 12.00
# Visual Studio Version 17
VisualStudioVersion = 17.12.35209.166
MinimumVisualStudioVersion = 10.0.40219.1
Project("{FAE04EC0-301F-11D3-BF4B-00C04F79EFBC}") = "ConsoleApp3.1", "ConsoleApp3\ConsoleApp3.1.csproj", "{F9C9D391-CAE8-445F-9D51-AA9FA8B70947}"
EndProject
Project("{FAE04EC0-301F-11D3-BF4B-00C04F79EFBC}") = "ConsoleApp3.2", "ConsoleApp3.2\ConsoleApp3.2.csproj", "{DBBFC072-764F-4DBC-992B-CF280CA15C10}"
EndProject
Project("{FAE04EC0-301F-11D3-BF4B-00C04F79EFBC}") = "ConsoleApp3.3", "ConsoleApp3.3\ConsoleApp3.3.csproj", "{D6949E27-8659-4874-98AC-77F477167E22}"
EndProject
Project("{FAE04EC0-301F-11D3-BF4B-00C04F79EFBC}") = "ConsoleApp3.4", "ConsoleApp3.4\ConsoleApp3.4.csproj", "{61F02637-7F81-4759-87A6-D5E96474C316}"
EndProject
Project("{FAE04EC0-301F-11D3-BF4B-00C04F79EFBC}") = "ConsoleApp3.5", "ConsoleApp3.5\ConsoleApp3.5.csproj", "{7E838ECC-4EFD-4A3D-8FA5-E3E5EBCE2730}"
EndProject
Global
	GlobalSection(SolutionConfigurationPlatforms) = preSolution
		Debug|Any CPU = Debug|Any CPU
		Release|Any CPU = Release|Any CPU
	EndGlobalSection
	GlobalSection(ProjectConfigurationPlatforms) = postSolution
		{F9C9D391-CAE8-445F-9D51-AA9FA8B70947}.Debug|Any CPU.ActiveCfg = Debug|Any CPU
		{F9C9D391-CAE8-445F-9D51-AA9FA8B70947}.Debug|Any CPU.Build.0 = Debug|Any CPU
		{F9C9D391-CAE8-445F-9D51-AA9FA8B70947}.Release|Any CPU.ActiveCfg = Release|Any CPU
		{F9C9D391-CAE8-445F-9D51-AA9FA8B70947}.Release|Any CPU.Build.0 = Release|Any CPU
		{DBBFC072-764F-4DBC-992B-CF280CA15C10}.Debug|Any CPU.ActiveCfg = Debug|Any CPU
		{DBBFC072-764F-4DBC-992B-CF280CA15C10}.Debug|Any CPU.Build.0 = Debug|Any CPU
		{DBBFC072-764F-4DBC-992B-CF280CA15C10}.Release|Any CPU.ActiveCfg = Release|Any CPU
		{DBBFC072-764F-4DBC-992B-CF280CA15C10}.Release|Any CPU.Build.0 = Release|Any CPU
		{D6949E27-8659-4874-98AC-77F477167E22}.Debug|Any CPU.ActiveCfg = Debug|Any CPU
		{D6949E27-8659-4874-98AC-77F477167E22}.Debug|Any CPU.Build.0 = Debug|Any CPU
		{D6949E27-8659-4874-98AC-77F477167E22}.Release|Any CPU.ActiveCfg = Release|Any CPU
		{D6949E27-8659-4874-98AC-77F477167E22}.Release|Any CPU.Build.0 = Release|Any CPU
		{61F02637-7F81-4759-87A6-D5E96474C316}.Debug|Any CPU.ActiveCfg = Debug|Any CPU
		{61F02637-7F81-4759-87A6-D5E96474C316}.Debug|Any CPU.Build.0 = Debug|Any CPU
		{61F02637-7F81-4759-87A6-D5E96474C316}.Release|Any CPU.ActiveCfg = Release|Any CPU
		{61F02637-7F81-4759-87A6-D5E96474C316}.Release|Any CPU.Build.0 = Release|Any CPU
		{7E838ECC-4EFD-4A3D-8FA5-E3E5EBCE2730}.Debug|Any CPU.ActiveCfg = Debug|Any CPU
		{7E838ECC-4EFD-4A3D-8FA5-E3E5EBCE2730}.Debug|Any CPU.Build.0 = Debug|Any CPU
		{7E838ECC-4EFD-4A3D-8FA5-E3E5EBCE2730}.Release|Any CPU.ActiveCfg = Release|Any CPU
		{7E838ECC-4EFD-4A3D-8FA5-E3E5EBCE2730}.Release|Any CPU.Build.0 = Release|Any CPU
	EndGlobalSection
	GlobalSection(SolutionProperties) = preSolution
		HideSolutionNode = FALSE
	EndGlobalSection
	GlobalSection(ExtensibilityGlobals) = postSolution
		SolutionGuid = {1F44FCB7-445D-44C0-AC90-02F10395D24D}
	EndGlobalSection
EndGlobal
