
Microsoft Visual Studio Solution File, Format Version 12.00
# Visual Studio Version 17
VisualStudioVersion = 17.12.35209.166
MinimumVisualStudioVersion = 10.0.40219.1
Project("{FAE04EC0-301F-11D3-BF4B-00C04F79EFBC}") = "ConsoleApp9.2", "ConsoleApp9.2\ConsoleApp9.2.csproj", "{1341BC20-2656-4FFC-90D6-79ECEED65EC6}"
EndProject
Global
	GlobalSection(SolutionConfigurationPlatforms) = preSolution
		Debug|Any CPU = Debug|Any CPU
		Release|Any CPU = Release|Any CPU
	EndGlobalSection
	GlobalSection(ProjectConfigurationPlatforms) = postSolution
		{1341BC20-2656-4FFC-90D6-79ECEED65EC6}.Debug|Any CPU.ActiveCfg = Debug|Any CPU
		{1341BC20-2656-4FFC-90D6-79ECEED65EC6}.Debug|Any CPU.Build.0 = Debug|Any CPU
		{1341BC20-2656-4FFC-90D6-79ECEED65EC6}.Release|Any CPU.ActiveCfg = Release|Any CPU
		{1341BC20-2656-4FFC-90D6-79ECEED65EC6}.Release|Any CPU.Build.0 = Release|Any CPU
	EndGlobalSection
	GlobalSection(SolutionProperties) = preSolution
		HideSolutionNode = FALSE
	EndGlobalSection
	GlobalSection(ExtensibilityGlobals) = postSolution
		SolutionGuid = {CADCBA64-FE89-4BF0-9EC1-BFFB4D9859D7}
	EndGlobalSection
EndGlobal
