
Microsoft Visual Studio Solution File, Format Version 12.00
# Visual Studio Version 17
VisualStudioVersion = 17.12.35209.166
MinimumVisualStudioVersion = 10.0.40219.1
Project("{FAE04EC0-301F-11D3-BF4B-00C04F79EFBC}") = "SimpleFinanceApp", "SimpleFinanceApp\SimpleFinanceApp.csproj", "{389C45D8-7B17-4478-8723-585153E2E8B8}"
EndProject
Global
	GlobalSection(SolutionConfigurationPlatforms) = preSolution
		Debug|Any CPU = Debug|Any CPU
		Release|Any CPU = Release|Any CPU
	EndGlobalSection
	GlobalSection(ProjectConfigurationPlatforms) = postSolution
		{389C45D8-7B17-4478-8723-585153E2E8B8}.Debug|Any CPU.ActiveCfg = Debug|Any CPU
		{389C45D8-7B17-4478-8723-585153E2E8B8}.Debug|Any CPU.Build.0 = Debug|Any CPU
		{389C45D8-7B17-4478-8723-585153E2E8B8}.Release|Any CPU.ActiveCfg = Release|Any CPU
		{389C45D8-7B17-4478-8723-585153E2E8B8}.Release|Any CPU.Build.0 = Release|Any CPU
	EndGlobalSection
	GlobalSection(SolutionProperties) = preSolution
		HideSolutionNode = FALSE
	EndGlobalSection
	GlobalSection(ExtensibilityGlobals) = postSolution
		SolutionGuid = {8D66C8F8-0176-4A97-9656-E109AC0EB997}
	EndGlobalSection
EndGlobal
